
Microsoft Visual Studio Solution File, Format Version 12.00
# Visual Studio Version 17
VisualStudioVersion = 17.4.33213.308
MinimumVisualStudioVersion = 10.0.40219.1
Project("{FAE04EC0-301F-11D3-BF4B-00C04F79EFBC}") = "WebReact", "WebReact\WebReact.csproj", "{1CE9FBC8-4918-4CEF-AC7F-64921E1248BE}"
EndProject
Global
	GlobalSection(SolutionConfigurationPlatforms) = preSolution
		Debug|Any CPU = Debug|Any CPU
		Release|Any CPU = Release|Any CPU
	EndGlobalSection
	GlobalSection(ProjectConfigurationPlatforms) = postSolution
		{1CE9FBC8-4918-4CEF-AC7F-64921E1248BE}.Debug|Any CPU.ActiveCfg = Debug|Any CPU
		{1CE9FBC8-4918-4CEF-AC7F-64921E1248BE}.Debug|Any CPU.Build.0 = Debug|Any CPU
		{1CE9FBC8-4918-4CEF-AC7F-64921E1248BE}.Release|Any CPU.ActiveCfg = Release|Any CPU
		{1CE9FBC8-4918-4CEF-AC7F-64921E1248BE}.Release|Any CPU.Build.0 = Release|Any CPU
	EndGlobalSection
	GlobalSection(SolutionProperties) = preSolution
		HideSolutionNode = FALSE
	EndGlobalSection
	GlobalSection(ExtensibilityGlobals) = postSolution
		SolutionGuid = {74CAE5E7-4D06-4513-A57B-F3ACE9B0507F}
	EndGlobalSection
EndGlobal
